
Microsoft Visual Studio Solution File, Format Version 12.00
# Visual Studio Version 16
VisualStudioVersion = 16.0.31702.278
MinimumVisualStudioVersion = 10.0.40219.1
Project("{9A19103F-16F7-4668-BE54-9A1E7A4F7556}") = "Volga_IT_21.WPF", "Volga_IT_21.WPF\Volga_IT_21.WPF.csproj", "{A440E011-556D-4822-91A9-3428621182A0}"
EndProject
Project("{9A19103F-16F7-4668-BE54-9A1E7A4F7556}") = "Volga_IT_21.Core", "Volga_IT_21.Core\Volga_IT_21.Core.csproj", "{018D43CF-27DA-46D7-A537-02B61B044667}"
EndProject
Project("{9A19103F-16F7-4668-BE54-9A1E7A4F7556}") = "Volga_IT_21.BL", "Volga_IT_21.BL\Volga_IT_21.BL.csproj", "{A0BDF810-1CC9-4D37-8742-6D21E5776215}"
EndProject
Global
	GlobalSection(SolutionConfigurationPlatforms) = preSolution
		Debug|Any CPU = Debug|Any CPU
		Release|Any CPU = Release|Any CPU
	EndGlobalSection
	GlobalSection(ProjectConfigurationPlatforms) = postSolution
		{A440E011-556D-4822-91A9-3428621182A0}.Debug|Any CPU.ActiveCfg = Debug|Any CPU
		{A440E011-556D-4822-91A9-3428621182A0}.Debug|Any CPU.Build.0 = Debug|Any CPU
		{A440E011-556D-4822-91A9-3428621182A0}.Release|Any CPU.ActiveCfg = Release|Any CPU
		{A440E011-556D-4822-91A9-3428621182A0}.Release|Any CPU.Build.0 = Release|Any CPU
		{018D43CF-27DA-46D7-A537-02B61B044667}.Debug|Any CPU.ActiveCfg = Debug|Any CPU
		{018D43CF-27DA-46D7-A537-02B61B044667}.Debug|Any CPU.Build.0 = Debug|Any CPU
		{018D43CF-27DA-46D7-A537-02B61B044667}.Release|Any CPU.ActiveCfg = Release|Any CPU
		{018D43CF-27DA-46D7-A537-02B61B044667}.Release|Any CPU.Build.0 = Release|Any CPU
		{A0BDF810-1CC9-4D37-8742-6D21E5776215}.Debug|Any CPU.ActiveCfg = Debug|Any CPU
		{A0BDF810-1CC9-4D37-8742-6D21E5776215}.Debug|Any CPU.Build.0 = Debug|Any CPU
		{A0BDF810-1CC9-4D37-8742-6D21E5776215}.Release|Any CPU.ActiveCfg = Release|Any CPU
		{A0BDF810-1CC9-4D37-8742-6D21E5776215}.Release|Any CPU.Build.0 = Release|Any CPU
	EndGlobalSection
	GlobalSection(SolutionProperties) = preSolution
		HideSolutionNode = FALSE
	EndGlobalSection
	GlobalSection(ExtensibilityGlobals) = postSolution
		SolutionGuid = {E81C0790-E59F-4D8A-B7F3-880F4907C63A}
	EndGlobalSection
EndGlobal
